// !$*UTF8*$!
{
	objects = {
		13B07F871A680F5B00A75B9A /* Debug */ = {
			buildSettings = {
				PRODUCT_BUNDLE_IDENTIFIER = com.example.fluttertodo;
			};
		};
		13B07F881A680F5B00A75B9A /* Release */ = {
			buildSettings = {
				PRODUCT_BUNDLE_IDENTIFIER = com.example.fluttertodo;
			};
		};
	};
}
